
Microsoft Visual Studio Solution File, Format Version 12.00
# Visual Studio Version 17
VisualStudioVersion = 17.0.31717.71
MinimumVisualStudioVersion = 10.0.40219.1
Project("{9A19103F-16F7-4668-BE54-9A1E7A4F7556}") = "judotech_core", "judotech.library\judotech_core.csproj", "{F8D40FFB-BDAB-470E-96CF-952D50035638}"
EndProject
Project("{9A19103F-16F7-4668-BE54-9A1E7A4F7556}") = "judotech_api", "judotech.api\judotech_api.csproj", "{B4DF7BF8-554D-4A89-83BE-122ECF827911}"
EndProject
Global
	GlobalSection(SolutionConfigurationPlatforms) = preSolution
		Debug|Any CPU = Debug|Any CPU
		Release|Any CPU = Release|Any CPU
	EndGlobalSection
	GlobalSection(ProjectConfigurationPlatforms) = postSolution
		{F8D40FFB-BDAB-470E-96CF-952D50035638}.Debug|Any CPU.ActiveCfg = Debug|Any CPU
		{F8D40FFB-BDAB-470E-96CF-952D50035638}.Debug|Any CPU.Build.0 = Debug|Any CPU
		{F8D40FFB-BDAB-470E-96CF-952D50035638}.Release|Any CPU.ActiveCfg = Release|Any CPU
		{F8D40FFB-BDAB-470E-96CF-952D50035638}.Release|Any CPU.Build.0 = Release|Any CPU
		{B4DF7BF8-554D-4A89-83BE-122ECF827911}.Debug|Any CPU.ActiveCfg = Debug|Any CPU
		{B4DF7BF8-554D-4A89-83BE-122ECF827911}.Debug|Any CPU.Build.0 = Debug|Any CPU
		{B4DF7BF8-554D-4A89-83BE-122ECF827911}.Release|Any CPU.ActiveCfg = Release|Any CPU
		{B4DF7BF8-554D-4A89-83BE-122ECF827911}.Release|Any CPU.Build.0 = Release|Any CPU
	EndGlobalSection
	GlobalSection(SolutionProperties) = preSolution
		HideSolutionNode = FALSE
	EndGlobalSection
	GlobalSection(ExtensibilityGlobals) = postSolution
		SolutionGuid = {18473e18-b606-451c-ab54-5d3453ad4298}
	EndGlobalSection
EndGlobal
