
Microsoft Visual Studio Solution File, Format Version 12.00
# Visual Studio Version 17
VisualStudioVersion = 17.0.31717.71
MinimumVisualStudioVersion = 10.0.40219.1
Project("{9A19103F-16F7-4668-BE54-9A1E7A4F7556}") = "judotech_api", "judotech.api\judotech_api.csproj", "{B4DF7BF8-554D-4A89-83BE-122ECF827911}"
EndProject
Project("{FAE04EC0-301F-11D3-BF4B-00C04F79EFBC}") = "Judoka.VideoStreamCapture", "judotech.VideoStreamCapture\Judoka.VideoStreamCapture.csproj", "{602684E4-DB4B-456E-9134-9D1CD90478B6}"
EndProject
Project("{9A19103F-16F7-4668-BE54-9A1E7A4F7556}") = "judotech_core", "judotech.core\judotech_core.csproj", "{E0223D33-D9DE-4656-A994-D1F61C0FFBA7}"
EndProject
Project("{FAE04EC0-301F-11D3-BF4B-00C04F79EFBC}") = "Judoka.VideoStreamStorage", "judotech.VideoStreamStorage\Judoka.VideoStreamStorage.csproj", "{36E93AF4-0A03-4159-833F-140B6A9A92CC}"
EndProject
Project("{FAE04EC0-301F-11D3-BF4B-00C04F79EFBC}") = "Judoka.VideoStreamView", "judotech.VideoStreamView\Judoka.VideoStreamView.csproj", "{FC787883-407E-406F-B11B-194CD386BFEC}"
EndProject
Global
	GlobalSection(SolutionConfigurationPlatforms) = preSolution
		Debug|Any CPU = Debug|Any CPU
		Debug|x86 = Debug|x86
		Release|Any CPU = Release|Any CPU
		Release|x86 = Release|x86
	EndGlobalSection
	GlobalSection(ProjectConfigurationPlatforms) = postSolution
		{B4DF7BF8-554D-4A89-83BE-122ECF827911}.Debug|Any CPU.ActiveCfg = Debug|Any CPU
		{B4DF7BF8-554D-4A89-83BE-122ECF827911}.Debug|Any CPU.Build.0 = Debug|Any CPU
		{B4DF7BF8-554D-4A89-83BE-122ECF827911}.Debug|x86.ActiveCfg = Debug|Any CPU
		{B4DF7BF8-554D-4A89-83BE-122ECF827911}.Debug|x86.Build.0 = Debug|Any CPU
		{B4DF7BF8-554D-4A89-83BE-122ECF827911}.Release|Any CPU.ActiveCfg = Release|Any CPU
		{B4DF7BF8-554D-4A89-83BE-122ECF827911}.Release|Any CPU.Build.0 = Release|Any CPU
		{B4DF7BF8-554D-4A89-83BE-122ECF827911}.Release|x86.ActiveCfg = Release|Any CPU
		{B4DF7BF8-554D-4A89-83BE-122ECF827911}.Release|x86.Build.0 = Release|Any CPU
		{602684E4-DB4B-456E-9134-9D1CD90478B6}.Debug|Any CPU.ActiveCfg = Debug|Any CPU
		{602684E4-DB4B-456E-9134-9D1CD90478B6}.Debug|Any CPU.Build.0 = Debug|Any CPU
		{602684E4-DB4B-456E-9134-9D1CD90478B6}.Debug|x86.ActiveCfg = Debug|x86
		{602684E4-DB4B-456E-9134-9D1CD90478B6}.Debug|x86.Build.0 = Debug|x86
		{602684E4-DB4B-456E-9134-9D1CD90478B6}.Release|Any CPU.ActiveCfg = Release|Any CPU
		{602684E4-DB4B-456E-9134-9D1CD90478B6}.Release|Any CPU.Build.0 = Release|Any CPU
		{602684E4-DB4B-456E-9134-9D1CD90478B6}.Release|x86.ActiveCfg = Release|x86
		{602684E4-DB4B-456E-9134-9D1CD90478B6}.Release|x86.Build.0 = Release|x86
		{E0223D33-D9DE-4656-A994-D1F61C0FFBA7}.Debug|Any CPU.ActiveCfg = Debug|Any CPU
		{E0223D33-D9DE-4656-A994-D1F61C0FFBA7}.Debug|Any CPU.Build.0 = Debug|Any CPU
		{E0223D33-D9DE-4656-A994-D1F61C0FFBA7}.Debug|x86.ActiveCfg = Debug|Any CPU
		{E0223D33-D9DE-4656-A994-D1F61C0FFBA7}.Debug|x86.Build.0 = Debug|Any CPU
		{E0223D33-D9DE-4656-A994-D1F61C0FFBA7}.Release|Any CPU.ActiveCfg = Release|Any CPU
		{E0223D33-D9DE-4656-A994-D1F61C0FFBA7}.Release|Any CPU.Build.0 = Release|Any CPU
		{E0223D33-D9DE-4656-A994-D1F61C0FFBA7}.Release|x86.ActiveCfg = Release|Any CPU
		{E0223D33-D9DE-4656-A994-D1F61C0FFBA7}.Release|x86.Build.0 = Release|Any CPU
		{36E93AF4-0A03-4159-833F-140B6A9A92CC}.Debug|Any CPU.ActiveCfg = Debug|Any CPU
		{36E93AF4-0A03-4159-833F-140B6A9A92CC}.Debug|Any CPU.Build.0 = Debug|Any CPU
		{36E93AF4-0A03-4159-833F-140B6A9A92CC}.Debug|x86.ActiveCfg = Debug|x86
		{36E93AF4-0A03-4159-833F-140B6A9A92CC}.Debug|x86.Build.0 = Debug|x86
		{36E93AF4-0A03-4159-833F-140B6A9A92CC}.Release|Any CPU.ActiveCfg = Release|Any CPU
		{36E93AF4-0A03-4159-833F-140B6A9A92CC}.Release|Any CPU.Build.0 = Release|Any CPU
		{36E93AF4-0A03-4159-833F-140B6A9A92CC}.Release|x86.ActiveCfg = Release|x86
		{36E93AF4-0A03-4159-833F-140B6A9A92CC}.Release|x86.Build.0 = Release|x86
		{FC787883-407E-406F-B11B-194CD386BFEC}.Debug|Any CPU.ActiveCfg = Debug|Any CPU
		{FC787883-407E-406F-B11B-194CD386BFEC}.Debug|Any CPU.Build.0 = Debug|Any CPU
		{FC787883-407E-406F-B11B-194CD386BFEC}.Debug|x86.ActiveCfg = Debug|x86
		{FC787883-407E-406F-B11B-194CD386BFEC}.Debug|x86.Build.0 = Debug|x86
		{FC787883-407E-406F-B11B-194CD386BFEC}.Release|Any CPU.ActiveCfg = Release|Any CPU
		{FC787883-407E-406F-B11B-194CD386BFEC}.Release|Any CPU.Build.0 = Release|Any CPU
		{FC787883-407E-406F-B11B-194CD386BFEC}.Release|x86.ActiveCfg = Release|x86
		{FC787883-407E-406F-B11B-194CD386BFEC}.Release|x86.Build.0 = Release|x86
	EndGlobalSection
	GlobalSection(SolutionProperties) = preSolution
		HideSolutionNode = FALSE
	EndGlobalSection
	GlobalSection(ExtensibilityGlobals) = postSolution
		SolutionGuid = {18473e18-b606-451c-ab54-5d3453ad4298}
	EndGlobalSection
EndGlobal
